
Microsoft Visual Studio Solution File, Format Version 12.00
# Visual Studio Version 17
VisualStudioVersion = 17.9.34728.123
MinimumVisualStudioVersion = 10.0.40219.1
Project("{FAE04EC0-301F-11D3-BF4B-00C04F79EFBC}") = "CapitalPlacementAPI", "CapitalPlacementAPI\CapitalPlacementAPI.csproj", "{CF970AF4-FB32-4338-A376-11E460E9B5E3}"
EndProject
Global
	GlobalSection(SolutionConfigurationPlatforms) = preSolution
		Debug|Any CPU = Debug|Any CPU
		Release|Any CPU = Release|Any CPU
	EndGlobalSection
	GlobalSection(ProjectConfigurationPlatforms) = postSolution
		{CF970AF4-FB32-4338-A376-11E460E9B5E3}.Debug|Any CPU.ActiveCfg = Debug|Any CPU
		{CF970AF4-FB32-4338-A376-11E460E9B5E3}.Debug|Any CPU.Build.0 = Debug|Any CPU
		{CF970AF4-FB32-4338-A376-11E460E9B5E3}.Release|Any CPU.ActiveCfg = Release|Any CPU
		{CF970AF4-FB32-4338-A376-11E460E9B5E3}.Release|Any CPU.Build.0 = Release|Any CPU
	EndGlobalSection
	GlobalSection(SolutionProperties) = preSolution
		HideSolutionNode = FALSE
	EndGlobalSection
	GlobalSection(ExtensibilityGlobals) = postSolution
		SolutionGuid = {93083542-8450-450F-902E-3BFA151269A8}
	EndGlobalSection
EndGlobal
